// !$*UTF8*$!
{
	archiveVersion = 1;
	classes = {
	};
	objectVersion = 50;
	objects = {

/* Begin PBXBuildFile section */
		AA722C5A220A6C480058C678 /* AppDelegate.swift in Sources */ = {isa = PBXBuildFile; fileRef = AA722C59220A6C480058C678 /* AppDelegate.swift */; };
		AA722C5F220A6C480058C678 /* Main.storyboard in Resources */ = {isa = PBXBuildFile; fileRef = AA722C5D220A6C480058C678 /* Main.storyboard */; };
		AA722C61220A6C490058C678 /* Assets.xcassets in Resources */ = {isa = PBXBuildFile; fileRef = AA722C60220A6C490058C678 /* Assets.xcassets */; };
		AA722C64220A6C490058C678 /* LaunchScreen.storyboard in Resources */ = {isa = PBXBuildFile; fileRef = AA722C62220A6C490058C678 /* LaunchScreen.storyboard */; };
		AA722C6F220A6C490058C678 /* CablevisionFlowChallengeTests.swift in Sources */ = {isa = PBXBuildFile; fileRef = AA722C6E220A6C490058C678 /* CablevisionFlowChallengeTests.swift */; };
		AA722C7A220A6C490058C678 /* CablevisionFlowChallengeUITests.swift in Sources */ = {isa = PBXBuildFile; fileRef = AA722C79220A6C490058C678 /* CablevisionFlowChallengeUITests.swift */; };
		AA722C88220A6EC50058C678 /* citylist.json in Resources */ = {isa = PBXBuildFile; fileRef = AA722C87220A6EC50058C678 /* citylist.json */; };
		AA9DC81E220F8E97005D0AE6 /* AddCityViewController.swift in Sources */ = {isa = PBXBuildFile; fileRef = AA9DC81D220F8E97005D0AE6 /* AddCityViewController.swift */; };
		AA9DC820220F8F0A005D0AE6 /* WeatherTableViewCell.swift in Sources */ = {isa = PBXBuildFile; fileRef = AA9DC81F220F8F0A005D0AE6 /* WeatherTableViewCell.swift */; };
		AA9DC822220F904F005D0AE6 /* CityListViewModel.swift in Sources */ = {isa = PBXBuildFile; fileRef = AA9DC821220F904F005D0AE6 /* CityListViewModel.swift */; };
		AA9DC836221096B8005D0AE6 /* CoreDataService.swift in Sources */ = {isa = PBXBuildFile; fileRef = AA9DC835221096B8005D0AE6 /* CoreDataService.swift */; };
		AAA1E72A220C69A3009AAAEE /* TableViewDataSource.swift in Sources */ = {isa = PBXBuildFile; fileRef = AAA1E727220C69A3009AAAEE /* TableViewDataSource.swift */; };
		AAA1E72C220C6A84009AAAEE /* APIService.swift in Sources */ = {isa = PBXBuildFile; fileRef = AAA1E72B220C6A84009AAAEE /* APIService.swift */; };
		AAC48A8D220C71A00004016C /* WeatherForecastViewController.swift in Sources */ = {isa = PBXBuildFile; fileRef = AAC48A8C220C71A00004016C /* WeatherForecastViewController.swift */; };
		AAC48A8F220C71BB0004016C /* WeatherListViewController.swift in Sources */ = {isa = PBXBuildFile; fileRef = AAC48A8E220C71BB0004016C /* WeatherListViewController.swift */; };
		AAC48A91220C71F30004016C /* city.swift in Sources */ = {isa = PBXBuildFile; fileRef = AAC48A90220C71F30004016C /* city.swift */; };
		AAC48A93220C72230004016C /* weatherForecast.swift in Sources */ = {isa = PBXBuildFile; fileRef = AAC48A92220C72230004016C /* weatherForecast.swift */; };
		AAC48A97220C72930004016C /* WeatherForecastViewModel.swift in Sources */ = {isa = PBXBuildFile; fileRef = AAC48A96220C72930004016C /* WeatherForecastViewModel.swift */; };
		AAC48A99220C72B30004016C /* WeatherListViewModel.swift in Sources */ = {isa = PBXBuildFile; fileRef = AAC48A98220C72B30004016C /* WeatherListViewModel.swift */; };
		AADF4753220F69C40093E2A3 /* MainViewController.swift in Sources */ = {isa = PBXBuildFile; fileRef = AADF4752220F69C40093E2A3 /* MainViewController.swift */; };
		AADF4755220F6D590093E2A3 /* Constants.swift in Sources */ = {isa = PBXBuildFile; fileRef = AADF4754220F6D590093E2A3 /* Constants.swift */; };
		AADF4757220F6D750093E2A3 /* CityTableViewCell.swift in Sources */ = {isa = PBXBuildFile; fileRef = AADF4756220F6D750093E2A3 /* CityTableViewCell.swift */; };
		AADF475A220F7F920093E2A3 /* Weather.xcdatamodeld in Sources */ = {isa = PBXBuildFile; fileRef = AADF4758220F7F920093E2A3 /* Weather.xcdatamodeld */; };
/* End PBXBuildFile section */

/* Begin PBXContainerItemProxy section */
		AA722C6B220A6C490058C678 /* PBXContainerItemProxy */ = {
			isa = PBXContainerItemProxy;
			containerPortal = AA722C4E220A6C480058C678 /* Project object */;
			proxyType = 1;
			remoteGlobalIDString = AA722C55220A6C480058C678;
			remoteInfo = CablevisionFlowChallenge;
		};
		AA722C76220A6C490058C678 /* PBXContainerItemProxy */ = {
			isa = PBXContainerItemProxy;
			containerPortal = AA722C4E220A6C480058C678 /* Project object */;
			proxyType = 1;
			remoteGlobalIDString = AA722C55220A6C480058C678;
			remoteInfo = CablevisionFlowChallenge;
		};
/* End PBXContainerItemProxy section */

/* Begin PBXFileReference section */
		AA722C56220A6C480058C678 /* CablevisionFlowChallenge.app */ = {isa = PBXFileReference; explicitFileType = wrapper.application; includeInIndex = 0; path = CablevisionFlowChallenge.app; sourceTree = BUILT_PRODUCTS_DIR; };
		AA722C59220A6C480058C678 /* AppDelegate.swift */ = {isa = PBXFileReference; lastKnownFileType = sourcecode.swift; path = AppDelegate.swift; sourceTree = "<group>"; };
		AA722C5E220A6C480058C678 /* Base */ = {isa = PBXFileReference; lastKnownFileType = file.storyboard; name = Base; path = Base.lproj/Main.storyboard; sourceTree = "<group>"; };
		AA722C60220A6C490058C678 /* Assets.xcassets */ = {isa = PBXFileReference; lastKnownFileType = folder.assetcatalog; path = Assets.xcassets; sourceTree = "<group>"; };
		AA722C63220A6C490058C678 /* Base */ = {isa = PBXFileReference; lastKnownFileType = file.storyboard; name = Base; path = Base.lproj/LaunchScreen.storyboard; sourceTree = "<group>"; };
		AA722C65220A6C490058C678 /* Info.plist */ = {isa = PBXFileReference; lastKnownFileType = text.plist.xml; path = Info.plist; sourceTree = "<group>"; };
		AA722C6A220A6C490058C678 /* CablevisionFlowChallengeTests.xctest */ = {isa = PBXFileReference; explicitFileType = wrapper.cfbundle; includeInIndex = 0; path = CablevisionFlowChallengeTests.xctest; sourceTree = BUILT_PRODUCTS_DIR; };
		AA722C6E220A6C490058C678 /* CablevisionFlowChallengeTests.swift */ = {isa = PBXFileReference; lastKnownFileType = sourcecode.swift; path = CablevisionFlowChallengeTests.swift; sourceTree = "<group>"; };
		AA722C70220A6C490058C678 /* Info.plist */ = {isa = PBXFileReference; lastKnownFileType = text.plist.xml; path = Info.plist; sourceTree = "<group>"; };
		AA722C75220A6C490058C678 /* CablevisionFlowChallengeUITests.xctest */ = {isa = PBXFileReference; explicitFileType = wrapper.cfbundle; includeInIndex = 0; path = CablevisionFlowChallengeUITests.xctest; sourceTree = BUILT_PRODUCTS_DIR; };
		AA722C79220A6C490058C678 /* CablevisionFlowChallengeUITests.swift */ = {isa = PBXFileReference; lastKnownFileType = sourcecode.swift; path = CablevisionFlowChallengeUITests.swift; sourceTree = "<group>"; };
		AA722C7B220A6C490058C678 /* Info.plist */ = {isa = PBXFileReference; lastKnownFileType = text.plist.xml; path = Info.plist; sourceTree = "<group>"; };
		AA722C87220A6EC50058C678 /* citylist.json */ = {isa = PBXFileReference; fileEncoding = 4; lastKnownFileType = text.json; path = citylist.json; sourceTree = "<group>"; };
		AA9DC81D220F8E97005D0AE6 /* AddCityViewController.swift */ = {isa = PBXFileReference; lastKnownFileType = sourcecode.swift; path = AddCityViewController.swift; sourceTree = "<group>"; };
		AA9DC81F220F8F0A005D0AE6 /* WeatherTableViewCell.swift */ = {isa = PBXFileReference; lastKnownFileType = sourcecode.swift; path = WeatherTableViewCell.swift; sourceTree = "<group>"; };
		AA9DC821220F904F005D0AE6 /* CityListViewModel.swift */ = {isa = PBXFileReference; lastKnownFileType = sourcecode.swift; path = CityListViewModel.swift; sourceTree = "<group>"; };
		AA9DC835221096B8005D0AE6 /* CoreDataService.swift */ = {isa = PBXFileReference; lastKnownFileType = sourcecode.swift; path = CoreDataService.swift; sourceTree = "<group>"; };
		AAA1E727220C69A3009AAAEE /* TableViewDataSource.swift */ = {isa = PBXFileReference; fileEncoding = 4; lastKnownFileType = sourcecode.swift; path = TableViewDataSource.swift; sourceTree = "<group>"; };
		AAA1E72B220C6A84009AAAEE /* APIService.swift */ = {isa = PBXFileReference; lastKnownFileType = sourcecode.swift; path = APIService.swift; sourceTree = "<group>"; };
		AAC48A8C220C71A00004016C /* WeatherForecastViewController.swift */ = {isa = PBXFileReference; lastKnownFileType = sourcecode.swift; path = WeatherForecastViewController.swift; sourceTree = "<group>"; };
		AAC48A8E220C71BB0004016C /* WeatherListViewController.swift */ = {isa = PBXFileReference; lastKnownFileType = sourcecode.swift; path = WeatherListViewController.swift; sourceTree = "<group>"; };
		AAC48A90220C71F30004016C /* city.swift */ = {isa = PBXFileReference; lastKnownFileType = sourcecode.swift; path = city.swift; sourceTree = "<group>"; };
		AAC48A92220C72230004016C /* weatherForecast.swift */ = {isa = PBXFileReference; lastKnownFileType = sourcecode.swift; path = weatherForecast.swift; sourceTree = "<group>"; };
		AAC48A96220C72930004016C /* WeatherForecastViewModel.swift */ = {isa = PBXFileReference; lastKnownFileType = sourcecode.swift; path = WeatherForecastViewModel.swift; sourceTree = "<group>"; };
		AAC48A98220C72B30004016C /* WeatherListViewModel.swift */ = {isa = PBXFileReference; lastKnownFileType = sourcecode.swift; path = WeatherListViewModel.swift; sourceTree = "<group>"; };
		AADF4752220F69C40093E2A3 /* MainViewController.swift */ = {isa = PBXFileReference; lastKnownFileType = sourcecode.swift; path = MainViewController.swift; sourceTree = "<group>"; };
		AADF4754220F6D590093E2A3 /* Constants.swift */ = {isa = PBXFileReference; lastKnownFileType = sourcecode.swift; path = Constants.swift; sourceTree = "<group>"; };
		AADF4756220F6D750093E2A3 /* CityTableViewCell.swift */ = {isa = PBXFileReference; lastKnownFileType = sourcecode.swift; path = CityTableViewCell.swift; sourceTree = "<group>"; };
		AADF4759220F7F920093E2A3 /* Weather.xcdatamodel */ = {isa = PBXFileReference; lastKnownFileType = wrapper.xcdatamodel; path = Weather.xcdatamodel; sourceTree = "<group>"; };
/* End PBXFileReference section */

/* Begin PBXFrameworksBuildPhase section */
		AA722C53220A6C480058C678 /* Frameworks */ = {
			isa = PBXFrameworksBuildPhase;
			buildActionMask = 2147483647;
			files = (
			);
			runOnlyForDeploymentPostprocessing = 0;
		};
		AA722C67220A6C490058C678 /* Frameworks */ = {
			isa = PBXFrameworksBuildPhase;
			buildActionMask = 2147483647;
			files = (
			);
			runOnlyForDeploymentPostprocessing = 0;
		};
		AA722C72220A6C490058C678 /* Frameworks */ = {
			isa = PBXFrameworksBuildPhase;
			buildActionMask = 2147483647;
			files = (
			);
			runOnlyForDeploymentPostprocessing = 0;
		};
/* End PBXFrameworksBuildPhase section */

/* Begin PBXGroup section */
		AA722C4D220A6C480058C678 = {
			isa = PBXGroup;
			children = (
				AA722C58220A6C480058C678 /* CablevisionFlowChallenge */,
				AA722C6D220A6C490058C678 /* CablevisionFlowChallengeTests */,
				AA722C78220A6C490058C678 /* CablevisionFlowChallengeUITests */,
				AA722C57220A6C480058C678 /* Products */,
			);
			sourceTree = "<group>";
		};
		AA722C57220A6C480058C678 /* Products */ = {
			isa = PBXGroup;
			children = (
				AA722C56220A6C480058C678 /* CablevisionFlowChallenge.app */,
				AA722C6A220A6C490058C678 /* CablevisionFlowChallengeTests.xctest */,
				AA722C75220A6C490058C678 /* CablevisionFlowChallengeUITests.xctest */,
			);
			name = Products;
			sourceTree = "<group>";
		};
		AA722C58220A6C480058C678 /* CablevisionFlowChallenge */ = {
			isa = PBXGroup;
			children = (
				AA9DC83022108875005D0AE6 /* CoreData */,
				AAA1E725220C69A3009AAAEE /* Cells */,
				AAA1E723220C69A3009AAAEE /* Controllers */,
				AAA1E726220C69A3009AAAEE /* Data Sources */,
				AAA1E724220C69A3009AAAEE /* Models */,
				AAA1E728220C69A3009AAAEE /* Services */,
				AAA1E729220C69A3009AAAEE /* View Models */,
				AA722C87220A6EC50058C678 /* citylist.json */,
				AA722C59220A6C480058C678 /* AppDelegate.swift */,
				AA722C5D220A6C480058C678 /* Main.storyboard */,
				AA722C60220A6C490058C678 /* Assets.xcassets */,
				AA722C62220A6C490058C678 /* LaunchScreen.storyboard */,
				AA722C65220A6C490058C678 /* Info.plist */,
			);
			path = CablevisionFlowChallenge;
			sourceTree = "<group>";
		};
		AA722C6D220A6C490058C678 /* CablevisionFlowChallengeTests */ = {
			isa = PBXGroup;
			children = (
				AA722C6E220A6C490058C678 /* CablevisionFlowChallengeTests.swift */,
				AA722C70220A6C490058C678 /* Info.plist */,
			);
			path = CablevisionFlowChallengeTests;
			sourceTree = "<group>";
		};
		AA722C78220A6C490058C678 /* CablevisionFlowChallengeUITests */ = {
			isa = PBXGroup;
			children = (
				AA722C79220A6C490058C678 /* CablevisionFlowChallengeUITests.swift */,
				AA722C7B220A6C490058C678 /* Info.plist */,
			);
			path = CablevisionFlowChallengeUITests;
			sourceTree = "<group>";
		};
		AA9DC81C220F8E72005D0AE6 /* AddCity */ = {
			isa = PBXGroup;
			children = (
				AA9DC81D220F8E97005D0AE6 /* AddCityViewController.swift */,
			);
			path = AddCity;
			sourceTree = "<group>";
		};
		AA9DC83022108875005D0AE6 /* CoreData */ = {
			isa = PBXGroup;
			children = (
				AADF4758220F7F920093E2A3 /* Weather.xcdatamodeld */,
				AA9DC835221096B8005D0AE6 /* CoreDataService.swift */,
			);
			path = CoreData;
			sourceTree = "<group>";
		};
		AAA1E723220C69A3009AAAEE /* Controllers */ = {
			isa = PBXGroup;
			children = (
				AA9DC81C220F8E72005D0AE6 /* AddCity */,
				AADF4751220F69AD0093E2A3 /* Main */,
				AAC48A8B220C70B30004016C /* WeatherForecast */,
				AAC48A8A220C707A0004016C /* WeatherList */,
			);
			path = Controllers;
			sourceTree = "<group>";
		};
		AAA1E724220C69A3009AAAEE /* Models */ = {
			isa = PBXGroup;
			children = (
				AAC48A90220C71F30004016C /* city.swift */,
				AAC48A92220C72230004016C /* weatherForecast.swift */,
			);
			path = Models;
			sourceTree = "<group>";
		};
		AAA1E725220C69A3009AAAEE /* Cells */ = {
			isa = PBXGroup;
			children = (
				AADF4754220F6D590093E2A3 /* Constants.swift */,
				AADF4756220F6D750093E2A3 /* CityTableViewCell.swift */,
				AA9DC81F220F8F0A005D0AE6 /* WeatherTableViewCell.swift */,
			);
			path = Cells;
			sourceTree = "<group>";
		};
		AAA1E726220C69A3009AAAEE /* Data Sources */ = {
			isa = PBXGroup;
			children = (
				AAA1E727220C69A3009AAAEE /* TableViewDataSource.swift */,
			);
			path = "Data Sources";
			sourceTree = "<group>";
		};
		AAA1E728220C69A3009AAAEE /* Services */ = {
			isa = PBXGroup;
			children = (
				AAA1E72B220C6A84009AAAEE /* APIService.swift */,
			);
			path = Services;
			sourceTree = "<group>";
		};
		AAA1E729220C69A3009AAAEE /* View Models */ = {
			isa = PBXGroup;
			children = (
				AAC48A96220C72930004016C /* WeatherForecastViewModel.swift */,
				AAC48A98220C72B30004016C /* WeatherListViewModel.swift */,
				AA9DC821220F904F005D0AE6 /* CityListViewModel.swift */,
			);
			path = "View Models";
			sourceTree = "<group>";
		};
		AAC48A8A220C707A0004016C /* WeatherList */ = {
			isa = PBXGroup;
			children = (
				AAC48A8E220C71BB0004016C /* WeatherListViewController.swift */,
			);
			path = WeatherList;
			sourceTree = "<group>";
		};
		AAC48A8B220C70B30004016C /* WeatherForecast */ = {
			isa = PBXGroup;
			children = (
				AAC48A8C220C71A00004016C /* WeatherForecastViewController.swift */,
			);
			path = WeatherForecast;
			sourceTree = "<group>";
		};
		AADF4751220F69AD0093E2A3 /* Main */ = {
			isa = PBXGroup;
			children = (
				AADF4752220F69C40093E2A3 /* MainViewController.swift */,
			);
			path = Main;
			sourceTree = "<group>";
		};
/* End PBXGroup section */

/* Begin PBXNativeTarget section */
		AA722C55220A6C480058C678 /* CablevisionFlowChallenge */ = {
			isa = PBXNativeTarget;
			buildConfigurationList = AA722C7E220A6C490058C678 /* Build configuration list for PBXNativeTarget "CablevisionFlowChallenge" */;
			buildPhases = (
				AA722C52220A6C480058C678 /* Sources */,
				AA722C53220A6C480058C678 /* Frameworks */,
				AA722C54220A6C480058C678 /* Resources */,
			);
			buildRules = (
			);
			dependencies = (
			);
			name = CablevisionFlowChallenge;
			productName = CablevisionFlowChallenge;
			productReference = AA722C56220A6C480058C678 /* CablevisionFlowChallenge.app */;
			productType = "com.apple.product-type.application";
		};
		AA722C69220A6C490058C678 /* CablevisionFlowChallengeTests */ = {
			isa = PBXNativeTarget;
			buildConfigurationList = AA722C81220A6C490058C678 /* Build configuration list for PBXNativeTarget "CablevisionFlowChallengeTests" */;
			buildPhases = (
				AA722C66220A6C490058C678 /* Sources */,
				AA722C67220A6C490058C678 /* Frameworks */,
				AA722C68220A6C490058C678 /* Resources */,
			);
			buildRules = (
			);
			dependencies = (
				AA722C6C220A6C490058C678 /* PBXTargetDependency */,
			);
			name = CablevisionFlowChallengeTests;
			productName = CablevisionFlowChallengeTests;
			productReference = AA722C6A220A6C490058C678 /* CablevisionFlowChallengeTests.xctest */;
			productType = "com.apple.product-type.bundle.unit-test";
		};
		AA722C74220A6C490058C678 /* CablevisionFlowChallengeUITests */ = {
			isa = PBXNativeTarget;
			buildConfigurationList = AA722C84220A6C490058C678 /* Build configuration list for PBXNativeTarget "CablevisionFlowChallengeUITests" */;
			buildPhases = (
				AA722C71220A6C490058C678 /* Sources */,
				AA722C72220A6C490058C678 /* Frameworks */,
				AA722C73220A6C490058C678 /* Resources */,
			);
			buildRules = (
			);
			dependencies = (
				AA722C77220A6C490058C678 /* PBXTargetDependency */,
			);
			name = CablevisionFlowChallengeUITests;
			productName = CablevisionFlowChallengeUITests;
			productReference = AA722C75220A6C490058C678 /* CablevisionFlowChallengeUITests.xctest */;
			productType = "com.apple.product-type.bundle.ui-testing";
		};
/* End PBXNativeTarget section */

/* Begin PBXProject section */
		AA722C4E220A6C480058C678 /* Project object */ = {
			isa = PBXProject;
			attributes = {
				LastSwiftUpdateCheck = 1000;
				LastUpgradeCheck = 1000;
				ORGANIZATIONNAME = "Mario Guillermo Boaglio";
				TargetAttributes = {
					AA722C55220A6C480058C678 = {
						CreatedOnToolsVersion = 10.0;
					};
					AA722C69220A6C490058C678 = {
						CreatedOnToolsVersion = 10.0;
						TestTargetID = AA722C55220A6C480058C678;
					};
					AA722C74220A6C490058C678 = {
						CreatedOnToolsVersion = 10.0;
						TestTargetID = AA722C55220A6C480058C678;
					};
				};
			};
			buildConfigurationList = AA722C51220A6C480058C678 /* Build configuration list for PBXProject "CablevisionFlowChallenge" */;
			compatibilityVersion = "Xcode 9.3";
			developmentRegion = en;
			hasScannedForEncodings = 0;
			knownRegions = (
				en,
				Base,
			);
			mainGroup = AA722C4D220A6C480058C678;
			productRefGroup = AA722C57220A6C480058C678 /* Products */;
			projectDirPath = "";
			projectRoot = "";
			targets = (
				AA722C55220A6C480058C678 /* CablevisionFlowChallenge */,
				AA722C69220A6C490058C678 /* CablevisionFlowChallengeTests */,
				AA722C74220A6C490058C678 /* CablevisionFlowChallengeUITests */,
			);
		};
/* End PBXProject section */

/* Begin PBXResourcesBuildPhase section */
		AA722C54220A6C480058C678 /* Resources */ = {
			isa = PBXResourcesBuildPhase;
			buildActionMask = 2147483647;
			files = (
				AA722C64220A6C490058C678 /* LaunchScreen.storyboard in Resources */,
				AA722C61220A6C490058C678 /* Assets.xcassets in Resources */,
				AA722C88220A6EC50058C678 /* citylist.json in Resources */,
				AA722C5F220A6C480058C678 /* Main.storyboard in Resources */,
			);
			runOnlyForDeploymentPostprocessing = 0;
		};
		AA722C68220A6C490058C678 /* Resources */ = {
			isa = PBXResourcesBuildPhase;
			buildActionMask = 2147483647;
			files = (
			);
			runOnlyForDeploymentPostprocessing = 0;
		};
		AA722C73220A6C490058C678 /* Resources */ = {
			isa = PBXResourcesBuildPhase;
			buildActionMask = 2147483647;
			files = (
			);
			runOnlyForDeploymentPostprocessing = 0;
		};
/* End PBXResourcesBuildPhase section */

/* Begin PBXSourcesBuildPhase section */
		AA722C52220A6C480058C678 /* Sources */ = {
			isa = PBXSourcesBuildPhase;
			buildActionMask = 2147483647;
			files = (
				AAA1E72A220C69A3009AAAEE /* TableViewDataSource.swift in Sources */,
				AAA1E72C220C6A84009AAAEE /* APIService.swift in Sources */,
				AADF475A220F7F920093E2A3 /* Weather.xcdatamodeld in Sources */,
				AAC48A8F220C71BB0004016C /* WeatherListViewController.swift in Sources */,
				AAC48A8D220C71A00004016C /* WeatherForecastViewController.swift in Sources */,
				AA722C5A220A6C480058C678 /* AppDelegate.swift in Sources */,
				AADF4753220F69C40093E2A3 /* MainViewController.swift in Sources */,
				AAC48A99220C72B30004016C /* WeatherListViewModel.swift in Sources */,
				AA9DC820220F8F0A005D0AE6 /* WeatherTableViewCell.swift in Sources */,
				AAC48A97220C72930004016C /* WeatherForecastViewModel.swift in Sources */,
				AA9DC822220F904F005D0AE6 /* CityListViewModel.swift in Sources */,
				AADF4757220F6D750093E2A3 /* CityTableViewCell.swift in Sources */,
				AA9DC81E220F8E97005D0AE6 /* AddCityViewController.swift in Sources */,
				AAC48A91220C71F30004016C /* city.swift in Sources */,
				AAC48A93220C72230004016C /* weatherForecast.swift in Sources */,
				AA9DC836221096B8005D0AE6 /* CoreDataService.swift in Sources */,
				AADF4755220F6D590093E2A3 /* Constants.swift in Sources */,
			);
			runOnlyForDeploymentPostprocessing = 0;
		};
		AA722C66220A6C490058C678 /* Sources */ = {
			isa = PBXSourcesBuildPhase;
			buildActionMask = 2147483647;
			files = (
				AA722C6F220A6C490058C678 /* CablevisionFlowChallengeTests.swift in Sources */,
			);
			runOnlyForDeploymentPostprocessing = 0;
		};
		AA722C71220A6C490058C678 /* Sources */ = {
			isa = PBXSourcesBuildPhase;
			buildActionMask = 2147483647;
			files = (
				AA722C7A220A6C490058C678 /* CablevisionFlowChallengeUITests.swift in Sources */,
			);
			runOnlyForDeploymentPostprocessing = 0;
		};
/* End PBXSourcesBuildPhase section */

/* Begin PBXTargetDependency section */
		AA722C6C220A6C490058C678 /* PBXTargetDependency */ = {
			isa = PBXTargetDependency;
			target = AA722C55220A6C480058C678 /* CablevisionFlowChallenge */;
			targetProxy = AA722C6B220A6C490058C678 /* PBXContainerItemProxy */;
		};
		AA722C77220A6C490058C678 /* PBXTargetDependency */ = {
			isa = PBXTargetDependency;
			target = AA722C55220A6C480058C678 /* CablevisionFlowChallenge */;
			targetProxy = AA722C76220A6C490058C678 /* PBXContainerItemProxy */;
		};
/* End PBXTargetDependency section */

/* Begin PBXVariantGroup section */
		AA722C5D220A6C480058C678 /* Main.storyboard */ = {
			isa = PBXVariantGroup;
			children = (
				AA722C5E220A6C480058C678 /* Base */,
			);
			name = Main.storyboard;
			sourceTree = "<group>";
		};
		AA722C62220A6C490058C678 /* LaunchScreen.storyboard */ = {
			isa = PBXVariantGroup;
			children = (
				AA722C63220A6C490058C678 /* Base */,
			);
			name = LaunchScreen.storyboard;
			sourceTree = "<group>";
		};
/* End PBXVariantGroup section */

/* Begin XCBuildConfiguration section */
		AA722C7C220A6C490058C678 /* Debug */ = {
			isa = XCBuildConfiguration;
			buildSettings = {
				ALWAYS_SEARCH_USER_PATHS = NO;
				CLANG_ANALYZER_NONNULL = YES;
				CLANG_ANALYZER_NUMBER_OBJECT_CONVERSION = YES_AGGRESSIVE;
				CLANG_CXX_LANGUAGE_STANDARD = "gnu++14";
				CLANG_CXX_LIBRARY = "libc++";
				CLANG_ENABLE_MODULES = YES;
				CLANG_ENABLE_OBJC_ARC = YES;
				CLANG_ENABLE_OBJC_WEAK = YES;
				CLANG_WARN_BLOCK_CAPTURE_AUTORELEASING = YES;
				CLANG_WARN_BOOL_CONVERSION = YES;
				CLANG_WARN_COMMA = YES;
				CLANG_WARN_CONSTANT_CONVERSION = YES;
				CLANG_WARN_DEPRECATED_OBJC_IMPLEMENTATIONS = YES;
				CLANG_WARN_DIRECT_OBJC_ISA_USAGE = YES_ERROR;
				CLANG_WARN_DOCUMENTATION_COMMENTS = YES;
				CLANG_WARN_EMPTY_BODY = YES;
				CLANG_WARN_ENUM_CONVERSION = YES;
				CLANG_WARN_INFINITE_RECURSION = YES;
				CLANG_WARN_INT_CONVERSION = YES;
				CLANG_WARN_NON_LITERAL_NULL_CONVERSION = YES;
				CLANG_WARN_OBJC_IMPLICIT_RETAIN_SELF = YES;
				CLANG_WARN_OBJC_LITERAL_CONVERSION = YES;
				CLANG_WARN_OBJC_ROOT_CLASS = YES_ERROR;
				CLANG_WARN_RANGE_LOOP_ANALYSIS = YES;
				CLANG_WARN_STRICT_PROTOTYPES = YES;
				CLANG_WARN_SUSPICIOUS_MOVE = YES;
				CLANG_WARN_UNGUARDED_AVAILABILITY = YES_AGGRESSIVE;
				CLANG_WARN_UNREACHABLE_CODE = YES;
				CLANG_WARN__DUPLICATE_METHOD_MATCH = YES;
				CODE_SIGN_IDENTITY = "iPhone Developer";
				COPY_PHASE_STRIP = NO;
				DEBUG_INFORMATION_FORMAT = dwarf;
				ENABLE_STRICT_OBJC_MSGSEND = YES;
				ENABLE_TESTABILITY = YES;
				GCC_C_LANGUAGE_STANDARD = gnu11;
				GCC_DYNAMIC_NO_PIC = NO;
				GCC_NO_COMMON_BLOCKS = YES;
				GCC_OPTIMIZATION_LEVEL = 0;
				GCC_PREPROCESSOR_DEFINITIONS = (
					"DEBUG=1",
					"$(inherited)",
				);
				GCC_WARN_64_TO_32_BIT_CONVERSION = YES;
				GCC_WARN_ABOUT_RETURN_TYPE = YES_ERROR;
				GCC_WARN_UNDECLARED_SELECTOR = YES;
				GCC_WARN_UNINITIALIZED_AUTOS = YES_AGGRESSIVE;
				GCC_WARN_UNUSED_FUNCTION = YES;
				GCC_WARN_UNUSED_VARIABLE = YES;
				IPHONEOS_DEPLOYMENT_TARGET = 12.0;
				MTL_ENABLE_DEBUG_INFO = INCLUDE_SOURCE;
				MTL_FAST_MATH = YES;
				ONLY_ACTIVE_ARCH = YES;
				SDKROOT = iphoneos;
				SWIFT_ACTIVE_COMPILATION_CONDITIONS = DEBUG;
				SWIFT_OPTIMIZATION_LEVEL = "-Onone";
			};
			name = Debug;
		};
		AA722C7D220A6C490058C678 /* Release */ = {
			isa = XCBuildConfiguration;
			buildSettings = {
				ALWAYS_SEARCH_USER_PATHS = NO;
				CLANG_ANALYZER_NONNULL = YES;
				CLANG_ANALYZER_NUMBER_OBJECT_CONVERSION = YES_AGGRESSIVE;
				CLANG_CXX_LANGUAGE_STANDARD = "gnu++14";
				CLANG_CXX_LIBRARY = "libc++";
				CLANG_ENABLE_MODULES = YES;
				CLANG_ENABLE_OBJC_ARC = YES;
				CLANG_ENABLE_OBJC_WEAK = YES;
				CLANG_WARN_BLOCK_CAPTURE_AUTORELEASING = YES;
				CLANG_WARN_BOOL_CONVERSION = YES;
				CLANG_WARN_COMMA = YES;
				CLANG_WARN_CONSTANT_CONVERSION = YES;
				CLANG_WARN_DEPRECATED_OBJC_IMPLEMENTATIONS = YES;
				CLANG_WARN_DIRECT_OBJC_ISA_USAGE = YES_ERROR;
				CLANG_WARN_DOCUMENTATION_COMMENTS = YES;
				CLANG_WARN_EMPTY_BODY = YES;
				CLANG_WARN_ENUM_CONVERSION = YES;
				CLANG_WARN_INFINITE_RECURSION = YES;
				CLANG_WARN_INT_CONVERSION = YES;
				CLANG_WARN_NON_LITERAL_NULL_CONVERSION = YES;
				CLANG_WARN_OBJC_IMPLICIT_RETAIN_SELF = YES;
				CLANG_WARN_OBJC_LITERAL_CONVERSION = YES;
				CLANG_WARN_OBJC_ROOT_CLASS = YES_ERROR;
				CLANG_WARN_RANGE_LOOP_ANALYSIS = YES;
				CLANG_WARN_STRICT_PROTOTYPES = YES;
				CLANG_WARN_SUSPICIOUS_MOVE = YES;
				CLANG_WARN_UNGUARDED_AVAILABILITY = YES_AGGRESSIVE;
				CLANG_WARN_UNREACHABLE_CODE = YES;
				CLANG_WARN__DUPLICATE_METHOD_MATCH = YES;
				CODE_SIGN_IDENTITY = "iPhone Developer";
				COPY_PHASE_STRIP = NO;
				DEBUG_INFORMATION_FORMAT = "dwarf-with-dsym";
				ENABLE_NS_ASSERTIONS = NO;
				ENABLE_STRICT_OBJC_MSGSEND = YES;
				GCC_C_LANGUAGE_STANDARD = gnu11;
				GCC_NO_COMMON_BLOCKS = YES;
				GCC_WARN_64_TO_32_BIT_CONVERSION = YES;
				GCC_WARN_ABOUT_RETURN_TYPE = YES_ERROR;
				GCC_WARN_UNDECLARED_SELECTOR = YES;
				GCC_WARN_UNINITIALIZED_AUTOS = YES_AGGRESSIVE;
				GCC_WARN_UNUSED_FUNCTION = YES;
				GCC_WARN_UNUSED_VARIABLE = YES;
				IPHONEOS_DEPLOYMENT_TARGET = 12.0;
				MTL_ENABLE_DEBUG_INFO = NO;
				MTL_FAST_MATH = YES;
				SDKROOT = iphoneos;
				SWIFT_COMPILATION_MODE = wholemodule;
				SWIFT_OPTIMIZATION_LEVEL = "-O";
				VALIDATE_PRODUCT = YES;
			};
			name = Release;
		};
		AA722C7F220A6C490058C678 /* Debug */ = {
			isa = XCBuildConfiguration;
			buildSettings = {
				ASSETCATALOG_COMPILER_APPICON_NAME = AppIcon;
				CODE_SIGN_STYLE = Automatic;
				DEVELOPMENT_TEAM = 283LUZ42BF;
				INFOPLIST_FILE = CablevisionFlowChallenge/Info.plist;
				IPHONEOS_DEPLOYMENT_TARGET = 11.4;
				LD_RUNPATH_SEARCH_PATHS = (
					"$(inherited)",
					"@executable_path/Frameworks",
				);
				PRODUCT_BUNDLE_IDENTIFIER = "Boaglio-Inc..CablevisionFlowChallenge";
				PRODUCT_NAME = "$(TARGET_NAME)";
				SWIFT_VERSION = 4.2;
				TARGETED_DEVICE_FAMILY = "1,2";
			};
			name = Debug;
		};
		AA722C80220A6C490058C678 /* Release */ = {
			isa = XCBuildConfiguration;
			buildSettings = {
				ASSETCATALOG_COMPILER_APPICON_NAME = AppIcon;
				CODE_SIGN_STYLE = Automatic;
				DEVELOPMENT_TEAM = 283LUZ42BF;
				INFOPLIST_FILE = CablevisionFlowChallenge/Info.plist;
				IPHONEOS_DEPLOYMENT_TARGET = 11.4;
				LD_RUNPATH_SEARCH_PATHS = (
					"$(inherited)",
					"@executable_path/Frameworks",
				);
				PRODUCT_BUNDLE_IDENTIFIER = "Boaglio-Inc..CablevisionFlowChallenge";
				PRODUCT_NAME = "$(TARGET_NAME)";
				SWIFT_VERSION = 4.2;
				TARGETED_DEVICE_FAMILY = "1,2";
			};
			name = Release;
		};
		AA722C82220A6C490058C678 /* Debug */ = {
			isa = XCBuildConfiguration;
			buildSettings = {
				ALWAYS_EMBED_SWIFT_STANDARD_LIBRARIES = YES;
				BUNDLE_LOADER = "$(TEST_HOST)";
				CODE_SIGN_STYLE = Automatic;
				INFOPLIST_FILE = CablevisionFlowChallengeTests/Info.plist;
				LD_RUNPATH_SEARCH_PATHS = (
					"$(inherited)",
					"@executable_path/Frameworks",
					"@loader_path/Frameworks",
				);
				PRODUCT_BUNDLE_IDENTIFIER = "Boaglio-Inc..CablevisionFlowChallengeTests";
				PRODUCT_NAME = "$(TARGET_NAME)";
				SWIFT_VERSION = 4.2;
				TARGETED_DEVICE_FAMILY = "1,2";
				TEST_HOST = "$(BUILT_PRODUCTS_DIR)/CablevisionFlowChallenge.app/CablevisionFlowChallenge";
			};
			name = Debug;
		};
		AA722C83220A6C490058C678 /* Release */ = {
			isa = XCBuildConfiguration;
			buildSettings = {
				ALWAYS_EMBED_SWIFT_STANDARD_LIBRARIES = YES;
				BUNDLE_LOADER = "$(TEST_HOST)";
				CODE_SIGN_STYLE = Automatic;
				INFOPLIST_FILE = CablevisionFlowChallengeTests/Info.plist;
				LD_RUNPATH_SEARCH_PATHS = (
					"$(inherited)",
					"@executable_path/Frameworks",
					"@loader_path/Frameworks",
				);
				PRODUCT_BUNDLE_IDENTIFIER = "Boaglio-Inc..CablevisionFlowChallengeTests";
				PRODUCT_NAME = "$(TARGET_NAME)";
				SWIFT_VERSION = 4.2;
				TARGETED_DEVICE_FAMILY = "1,2";
				TEST_HOST = "$(BUILT_PRODUCTS_DIR)/CablevisionFlowChallenge.app/CablevisionFlowChallenge";
			};
			name = Release;
		};
		AA722C85220A6C490058C678 /* Debug */ = {
			isa = XCBuildConfiguration;
			buildSettings = {
				ALWAYS_EMBED_SWIFT_STANDARD_LIBRARIES = YES;
				CODE_SIGN_STYLE = Automatic;
				INFOPLIST_FILE = CablevisionFlowChallengeUITests/Info.plist;
				LD_RUNPATH_SEARCH_PATHS = (
					"$(inherited)",
					"@executable_path/Frameworks",
					"@loader_path/Frameworks",
				);
				PRODUCT_BUNDLE_IDENTIFIER = "Boaglio-Inc..CablevisionFlowChallengeUITests";
				PRODUCT_NAME = "$(TARGET_NAME)";
				SWIFT_VERSION = 4.2;
				TARGETED_DEVICE_FAMILY = "1,2";
				TEST_TARGET_NAME = CablevisionFlowChallenge;
			};
			name = Debug;
		};
		AA722C86220A6C490058C678 /* Release */ = {
			isa = XCBuildConfiguration;
			buildSettings = {
				ALWAYS_EMBED_SWIFT_STANDARD_LIBRARIES = YES;
				CODE_SIGN_STYLE = Automatic;
				INFOPLIST_FILE = CablevisionFlowChallengeUITests/Info.plist;
				LD_RUNPATH_SEARCH_PATHS = (
					"$(inherited)",
					"@executable_path/Frameworks",
					"@loader_path/Frameworks",
				);
				PRODUCT_BUNDLE_IDENTIFIER = "Boaglio-Inc..CablevisionFlowChallengeUITests";
				PRODUCT_NAME = "$(TARGET_NAME)";
				SWIFT_VERSION = 4.2;
				TARGETED_DEVICE_FAMILY = "1,2";
				TEST_TARGET_NAME = CablevisionFlowChallenge;
			};
			name = Release;
		};
/* End XCBuildConfiguration section */

/* Begin XCConfigurationList section */
		AA722C51220A6C480058C678 /* Build configuration list for PBXProject "CablevisionFlowChallenge" */ = {
			isa = XCConfigurationList;
			buildConfigurations = (
				AA722C7C220A6C490058C678 /* Debug */,
				AA722C7D220A6C490058C678 /* Release */,
			);
			defaultConfigurationIsVisible = 0;
			defaultConfigurationName = Release;
		};
		AA722C7E220A6C490058C678 /* Build configuration list for PBXNativeTarget "CablevisionFlowChallenge" */ = {
			isa = XCConfigurationList;
			buildConfigurations = (
				AA722C7F220A6C490058C678 /* Debug */,
				AA722C80220A6C490058C678 /* Release */,
			);
			defaultConfigurationIsVisible = 0;
			defaultConfigurationName = Release;
		};
		AA722C81220A6C490058C678 /* Build configuration list for PBXNativeTarget "CablevisionFlowChallengeTests" */ = {
			isa = XCConfigurationList;
			buildConfigurations = (
				AA722C82220A6C490058C678 /* Debug */,
				AA722C83220A6C490058C678 /* Release */,
			);
			defaultConfigurationIsVisible = 0;
			defaultConfigurationName = Release;
		};
		AA722C84220A6C490058C678 /* Build configuration list for PBXNativeTarget "CablevisionFlowChallengeUITests" */ = {
			isa = XCConfigurationList;
			buildConfigurations = (
				AA722C85220A6C490058C678 /* Debug */,
				AA722C86220A6C490058C678 /* Release */,
			);
			defaultConfigurationIsVisible = 0;
			defaultConfigurationName = Release;
		};
/* End XCConfigurationList section */

/* Begin XCVersionGroup section */
		AADF4758220F7F920093E2A3 /* Weather.xcdatamodeld */ = {
			isa = XCVersionGroup;
			children = (
				AADF4759220F7F920093E2A3 /* Weather.xcdatamodel */,
			);
			currentVersion = AADF4759220F7F920093E2A3 /* Weather.xcdatamodel */;
			path = Weather.xcdatamodeld;
			sourceTree = "<group>";
			versionGroupType = wrapper.xcdatamodel;
		};
/* End XCVersionGroup section */
	};
	rootObject = AA722C4E220A6C480058C678 /* Project object */;
}
